// !$*UTF8*$!
{
	archiveVersion = 1;
	classes = {
	};
	objectVersion = 51;
	objects = {

/* Begin PBXBuildFile section */
		2F6D178DF77CC741A5C9F81C /* Pods_MarleySpoonChallengeIlke.framework in Frameworks */ = {isa = PBXBuildFile; fileRef = 8016FD72BE536CFBA1E217B1 /* Pods_MarleySpoonChallengeIlke.framework */; };
		4111D38026DE43A400479764 /* AppDelegate.swift in Sources */ = {isa = PBXBuildFile; fileRef = 4111D37F26DE43A400479764 /* AppDelegate.swift */; };
		4111D38226DE43A400479764 /* SceneDelegate.swift in Sources */ = {isa = PBXBuildFile; fileRef = 4111D38126DE43A400479764 /* SceneDelegate.swift */; };
		4111D38926DE43A800479764 /* Assets.xcassets in Resources */ = {isa = PBXBuildFile; fileRef = 4111D38826DE43A800479764 /* Assets.xcassets */; };
		4111D38C26DE43A800479764 /* LaunchScreen.storyboard in Resources */ = {isa = PBXBuildFile; fileRef = 4111D38A26DE43A800479764 /* LaunchScreen.storyboard */; };
		4111D3A226DE43A800479764 /* MarleySpoonChallengeIlkeUITests.swift in Sources */ = {isa = PBXBuildFile; fileRef = 4111D3A126DE43A800479764 /* MarleySpoonChallengeIlkeUITests.swift */; };
		4162366926E4BB510029D272 /* ContentfulAPI.swift in Sources */ = {isa = PBXBuildFile; fileRef = 4162366826E4BB510029D272 /* ContentfulAPI.swift */; };
		4162367026E4C06C0029D272 /* ListRecipes.swift in Sources */ = {isa = PBXBuildFile; fileRef = 4162366F26E4C06C0029D272 /* ListRecipes.swift */; };
		4162367326E4C7A30029D272 /* ListRecipesUseCaseTests.swift in Sources */ = {isa = PBXBuildFile; fileRef = 4162367226E4C7A30029D272 /* ListRecipesUseCaseTests.swift */; };
		4162367626E4D2CA0029D272 /* Chef.swift in Sources */ = {isa = PBXBuildFile; fileRef = 4162367526E4D2CA0029D272 /* Chef.swift */; };
		4162367826E4D2D40029D272 /* Recipe.swift in Sources */ = {isa = PBXBuildFile; fileRef = 4162367726E4D2D40029D272 /* Recipe.swift */; };
		4162367A26E4D2DE0029D272 /* Tag.swift in Sources */ = {isa = PBXBuildFile; fileRef = 4162367926E4D2DE0029D272 /* Tag.swift */; };
		4162368826E4F3C80029D272 /* RecipeLoader.swift in Sources */ = {isa = PBXBuildFile; fileRef = 4162368726E4F3C80029D272 /* RecipeLoader.swift */; };
		4162368A26E4F3D80029D272 /* RemoteRecipeLoader.swift in Sources */ = {isa = PBXBuildFile; fileRef = 4162368926E4F3D80029D272 /* RemoteRecipeLoader.swift */; };
		4162368C26E50C870029D272 /* ListRecipesViewModel.swift in Sources */ = {isa = PBXBuildFile; fileRef = 4162368B26E50C870029D272 /* ListRecipesViewModel.swift */; };
		4162368E26E50CBE0029D272 /* ListRecipeView.swift in Sources */ = {isa = PBXBuildFile; fileRef = 4162368D26E50CBE0029D272 /* ListRecipeView.swift */; };
		4162369126E50CE10029D272 /* RecipeCellModel.swift in Sources */ = {isa = PBXBuildFile; fileRef = 4162369026E50CE10029D272 /* RecipeCellModel.swift */; };
		4162369326E50D1E0029D272 /* ListRecipesViewController.swift in Sources */ = {isa = PBXBuildFile; fileRef = 4162369226E50D1E0029D272 /* ListRecipesViewController.swift */; };
		4162369726E513C30029D272 /* ListRecipeTableViewCell.swift in Sources */ = {isa = PBXBuildFile; fileRef = 4162369626E513C30029D272 /* ListRecipeTableViewCell.swift */; };
		4162369A26E53CD60029D272 /* DetailRecipeViewModel.swift in Sources */ = {isa = PBXBuildFile; fileRef = 4162369926E53CD60029D272 /* DetailRecipeViewModel.swift */; };
		4162369C26E53D100029D272 /* DetailRecipeViewController.swift in Sources */ = {isa = PBXBuildFile; fileRef = 4162369B26E53D100029D272 /* DetailRecipeViewController.swift */; };
		4162369E26E53D540029D272 /* DetailCellViewModel.swift in Sources */ = {isa = PBXBuildFile; fileRef = 4162369D26E53D540029D272 /* DetailCellViewModel.swift */; };
		416236A026E53D720029D272 /* DetailsCells.swift in Sources */ = {isa = PBXBuildFile; fileRef = 4162369F26E53D720029D272 /* DetailsCells.swift */; };
		416236A326E53F940029D272 /* UIViewController+Extensions.swift in Sources */ = {isa = PBXBuildFile; fileRef = 416236A226E53F940029D272 /* UIViewController+Extensions.swift */; };
		416236A526E5534B0029D272 /* DetailRecipeView.swift in Sources */ = {isa = PBXBuildFile; fileRef = 416236A426E5534B0029D272 /* DetailRecipeView.swift */; };
		416236A826E5F7D30029D272 /* DetailRecipeView.xib in Resources */ = {isa = PBXBuildFile; fileRef = 416236A726E5F7D30029D272 /* DetailRecipeView.xib */; };
		416236AA26E5F9630029D272 /* UIView+Extensions.swift in Sources */ = {isa = PBXBuildFile; fileRef = 416236A926E5F9630029D272 /* UIView+Extensions.swift */; };
		64769F006E8E44F09C9C99F1 /* Pods_MarleySpoonChallengeIlkeTests.framework in Frameworks */ = {isa = PBXBuildFile; fileRef = 84E3188BBF94815E856EFC1C /* Pods_MarleySpoonChallengeIlkeTests.framework */; };
		BE2A7A27BF80C6DFDA902E99 /* Pods_MarleySpoonChallengeIlke_MarleySpoonChallengeIlkeUITests.framework in Frameworks */ = {isa = PBXBuildFile; fileRef = EFDB0D37D7F2A03CC92823BB /* Pods_MarleySpoonChallengeIlke_MarleySpoonChallengeIlkeUITests.framework */; };
/* End PBXBuildFile section */

/* Begin PBXContainerItemProxy section */
		4111D39326DE43A800479764 /* PBXContainerItemProxy */ = {
			isa = PBXContainerItemProxy;
			containerPortal = 4111D37426DE43A400479764 /* Project object */;
			proxyType = 1;
			remoteGlobalIDString = 4111D37B26DE43A400479764;
			remoteInfo = MarleySpoonChallengeIlke;
		};
		4111D39E26DE43A800479764 /* PBXContainerItemProxy */ = {
			isa = PBXContainerItemProxy;
			containerPortal = 4111D37426DE43A400479764 /* Project object */;
			proxyType = 1;
			remoteGlobalIDString = 4111D37B26DE43A400479764;
			remoteInfo = MarleySpoonChallengeIlke;
		};
/* End PBXContainerItemProxy section */

/* Begin PBXFileReference section */
		4111D37C26DE43A400479764 /* MarleySpoonChallengeIlke.app */ = {isa = PBXFileReference; explicitFileType = wrapper.application; includeInIndex = 0; path = MarleySpoonChallengeIlke.app; sourceTree = BUILT_PRODUCTS_DIR; };
		4111D37F26DE43A400479764 /* AppDelegate.swift */ = {isa = PBXFileReference; lastKnownFileType = sourcecode.swift; path = AppDelegate.swift; sourceTree = "<group>"; };
		4111D38126DE43A400479764 /* SceneDelegate.swift */ = {isa = PBXFileReference; lastKnownFileType = sourcecode.swift; path = SceneDelegate.swift; sourceTree = "<group>"; };
		4111D38826DE43A800479764 /* Assets.xcassets */ = {isa = PBXFileReference; lastKnownFileType = folder.assetcatalog; path = Assets.xcassets; sourceTree = "<group>"; };
		4111D38B26DE43A800479764 /* Base */ = {isa = PBXFileReference; lastKnownFileType = file.storyboard; name = Base; path = Base.lproj/LaunchScreen.storyboard; sourceTree = "<group>"; };
		4111D38D26DE43A800479764 /* Info.plist */ = {isa = PBXFileReference; lastKnownFileType = text.plist.xml; path = Info.plist; sourceTree = "<group>"; };
		4111D39226DE43A800479764 /* MarleySpoonChallengeIlkeTests.xctest */ = {isa = PBXFileReference; explicitFileType = wrapper.cfbundle; includeInIndex = 0; path = MarleySpoonChallengeIlkeTests.xctest; sourceTree = BUILT_PRODUCTS_DIR; };
		4111D39826DE43A800479764 /* Info.plist */ = {isa = PBXFileReference; lastKnownFileType = text.plist.xml; path = Info.plist; sourceTree = "<group>"; };
		4111D39D26DE43A800479764 /* MarleySpoonChallengeIlkeUITests.xctest */ = {isa = PBXFileReference; explicitFileType = wrapper.cfbundle; includeInIndex = 0; path = MarleySpoonChallengeIlkeUITests.xctest; sourceTree = BUILT_PRODUCTS_DIR; };
		4111D3A126DE43A800479764 /* MarleySpoonChallengeIlkeUITests.swift */ = {isa = PBXFileReference; lastKnownFileType = sourcecode.swift; path = MarleySpoonChallengeIlkeUITests.swift; sourceTree = "<group>"; };
		4111D3A326DE43A800479764 /* Info.plist */ = {isa = PBXFileReference; lastKnownFileType = text.plist.xml; path = Info.plist; sourceTree = "<group>"; };
		4162366826E4BB510029D272 /* ContentfulAPI.swift */ = {isa = PBXFileReference; lastKnownFileType = sourcecode.swift; path = ContentfulAPI.swift; sourceTree = "<group>"; };
		4162366F26E4C06C0029D272 /* ListRecipes.swift */ = {isa = PBXFileReference; lastKnownFileType = sourcecode.swift; path = ListRecipes.swift; sourceTree = "<group>"; };
		4162367226E4C7A30029D272 /* ListRecipesUseCaseTests.swift */ = {isa = PBXFileReference; lastKnownFileType = sourcecode.swift; path = ListRecipesUseCaseTests.swift; sourceTree = "<group>"; };
		4162367526E4D2CA0029D272 /* Chef.swift */ = {isa = PBXFileReference; lastKnownFileType = sourcecode.swift; path = Chef.swift; sourceTree = "<group>"; };
		4162367726E4D2D40029D272 /* Recipe.swift */ = {isa = PBXFileReference; lastKnownFileType = sourcecode.swift; path = Recipe.swift; sourceTree = "<group>"; };
		4162367926E4D2DE0029D272 /* Tag.swift */ = {isa = PBXFileReference; lastKnownFileType = sourcecode.swift; path = Tag.swift; sourceTree = "<group>"; };
		4162368726E4F3C80029D272 /* RecipeLoader.swift */ = {isa = PBXFileReference; lastKnownFileType = sourcecode.swift; path = RecipeLoader.swift; sourceTree = "<group>"; };
		4162368926E4F3D80029D272 /* RemoteRecipeLoader.swift */ = {isa = PBXFileReference; lastKnownFileType = sourcecode.swift; path = RemoteRecipeLoader.swift; sourceTree = "<group>"; };
		4162368B26E50C870029D272 /* ListRecipesViewModel.swift */ = {isa = PBXFileReference; lastKnownFileType = sourcecode.swift; path = ListRecipesViewModel.swift; sourceTree = "<group>"; };
		4162368D26E50CBE0029D272 /* ListRecipeView.swift */ = {isa = PBXFileReference; lastKnownFileType = sourcecode.swift; path = ListRecipeView.swift; sourceTree = "<group>"; };
		4162369026E50CE10029D272 /* RecipeCellModel.swift */ = {isa = PBXFileReference; lastKnownFileType = sourcecode.swift; path = RecipeCellModel.swift; sourceTree = "<group>"; };
		4162369226E50D1E0029D272 /* ListRecipesViewController.swift */ = {isa = PBXFileReference; lastKnownFileType = sourcecode.swift; path = ListRecipesViewController.swift; sourceTree = "<group>"; };
		4162369626E513C30029D272 /* ListRecipeTableViewCell.swift */ = {isa = PBXFileReference; lastKnownFileType = sourcecode.swift; path = ListRecipeTableViewCell.swift; sourceTree = "<group>"; };
		4162369926E53CD60029D272 /* DetailRecipeViewModel.swift */ = {isa = PBXFileReference; lastKnownFileType = sourcecode.swift; path = DetailRecipeViewModel.swift; sourceTree = "<group>"; };
		4162369B26E53D100029D272 /* DetailRecipeViewController.swift */ = {isa = PBXFileReference; lastKnownFileType = sourcecode.swift; path = DetailRecipeViewController.swift; sourceTree = "<group>"; };
		4162369D26E53D540029D272 /* DetailCellViewModel.swift */ = {isa = PBXFileReference; lastKnownFileType = sourcecode.swift; path = DetailCellViewModel.swift; sourceTree = "<group>"; };
		4162369F26E53D720029D272 /* DetailsCells.swift */ = {isa = PBXFileReference; lastKnownFileType = sourcecode.swift; path = DetailsCells.swift; sourceTree = "<group>"; };
		416236A226E53F940029D272 /* UIViewController+Extensions.swift */ = {isa = PBXFileReference; lastKnownFileType = sourcecode.swift; path = "UIViewController+Extensions.swift"; sourceTree = "<group>"; };
		416236A426E5534B0029D272 /* DetailRecipeView.swift */ = {isa = PBXFileReference; lastKnownFileType = sourcecode.swift; path = DetailRecipeView.swift; sourceTree = "<group>"; };
		416236A726E5F7D30029D272 /* DetailRecipeView.xib */ = {isa = PBXFileReference; lastKnownFileType = file.xib; path = DetailRecipeView.xib; sourceTree = "<group>"; };
		416236A926E5F9630029D272 /* UIView+Extensions.swift */ = {isa = PBXFileReference; lastKnownFileType = sourcecode.swift; path = "UIView+Extensions.swift"; sourceTree = "<group>"; };
		41645899F030DA69EE6AC6ED /* Pods-MarleySpoonChallengeIlkeTests.debug.xcconfig */ = {isa = PBXFileReference; includeInIndex = 1; lastKnownFileType = text.xcconfig; name = "Pods-MarleySpoonChallengeIlkeTests.debug.xcconfig"; path = "Target Support Files/Pods-MarleySpoonChallengeIlkeTests/Pods-MarleySpoonChallengeIlkeTests.debug.xcconfig"; sourceTree = "<group>"; };
		65307852D607FE3D1516DAE1 /* Pods-MarleySpoonChallengeIlke-MarleySpoonChallengeIlkeUITests.debug.xcconfig */ = {isa = PBXFileReference; includeInIndex = 1; lastKnownFileType = text.xcconfig; name = "Pods-MarleySpoonChallengeIlke-MarleySpoonChallengeIlkeUITests.debug.xcconfig"; path = "Target Support Files/Pods-MarleySpoonChallengeIlke-MarleySpoonChallengeIlkeUITests/Pods-MarleySpoonChallengeIlke-MarleySpoonChallengeIlkeUITests.debug.xcconfig"; sourceTree = "<group>"; };
		8016FD72BE536CFBA1E217B1 /* Pods_MarleySpoonChallengeIlke.framework */ = {isa = PBXFileReference; explicitFileType = wrapper.framework; includeInIndex = 0; path = Pods_MarleySpoonChallengeIlke.framework; sourceTree = BUILT_PRODUCTS_DIR; };
		84E3188BBF94815E856EFC1C /* Pods_MarleySpoonChallengeIlkeTests.framework */ = {isa = PBXFileReference; explicitFileType = wrapper.framework; includeInIndex = 0; path = Pods_MarleySpoonChallengeIlkeTests.framework; sourceTree = BUILT_PRODUCTS_DIR; };
		ABFDA62EE1AC5210C2AD03C2 /* Pods-MarleySpoonChallengeIlke-MarleySpoonChallengeIlkeUITests.release.xcconfig */ = {isa = PBXFileReference; includeInIndex = 1; lastKnownFileType = text.xcconfig; name = "Pods-MarleySpoonChallengeIlke-MarleySpoonChallengeIlkeUITests.release.xcconfig"; path = "Target Support Files/Pods-MarleySpoonChallengeIlke-MarleySpoonChallengeIlkeUITests/Pods-MarleySpoonChallengeIlke-MarleySpoonChallengeIlkeUITests.release.xcconfig"; sourceTree = "<group>"; };
		AC75AC9B9B5B106CD845E3FA /* Pods-MarleySpoonChallengeIlke.debug.xcconfig */ = {isa = PBXFileReference; includeInIndex = 1; lastKnownFileType = text.xcconfig; name = "Pods-MarleySpoonChallengeIlke.debug.xcconfig"; path = "Target Support Files/Pods-MarleySpoonChallengeIlke/Pods-MarleySpoonChallengeIlke.debug.xcconfig"; sourceTree = "<group>"; };
		AD52C1EA8022567677CB9C2F /* Pods-MarleySpoonChallengeIlke.release.xcconfig */ = {isa = PBXFileReference; includeInIndex = 1; lastKnownFileType = text.xcconfig; name = "Pods-MarleySpoonChallengeIlke.release.xcconfig"; path = "Target Support Files/Pods-MarleySpoonChallengeIlke/Pods-MarleySpoonChallengeIlke.release.xcconfig"; sourceTree = "<group>"; };
		BFA461074C57FF5D32026D40 /* Pods-MarleySpoonChallengeIlkeTests.release.xcconfig */ = {isa = PBXFileReference; includeInIndex = 1; lastKnownFileType = text.xcconfig; name = "Pods-MarleySpoonChallengeIlkeTests.release.xcconfig"; path = "Target Support Files/Pods-MarleySpoonChallengeIlkeTests/Pods-MarleySpoonChallengeIlkeTests.release.xcconfig"; sourceTree = "<group>"; };
		EFDB0D37D7F2A03CC92823BB /* Pods_MarleySpoonChallengeIlke_MarleySpoonChallengeIlkeUITests.framework */ = {isa = PBXFileReference; explicitFileType = wrapper.framework; includeInIndex = 0; path = Pods_MarleySpoonChallengeIlke_MarleySpoonChallengeIlkeUITests.framework; sourceTree = BUILT_PRODUCTS_DIR; };
/* End PBXFileReference section */

/* Begin PBXFrameworksBuildPhase section */
		4111D37926DE43A400479764 /* Frameworks */ = {
			isa = PBXFrameworksBuildPhase;
			buildActionMask = 2147483647;
			files = (
				2F6D178DF77CC741A5C9F81C /* Pods_MarleySpoonChallengeIlke.framework in Frameworks */,
			);
			runOnlyForDeploymentPostprocessing = 0;
		};
		4111D38F26DE43A800479764 /* Frameworks */ = {
			isa = PBXFrameworksBuildPhase;
			buildActionMask = 2147483647;
			files = (
				64769F006E8E44F09C9C99F1 /* Pods_MarleySpoonChallengeIlkeTests.framework in Frameworks */,
			);
			runOnlyForDeploymentPostprocessing = 0;
		};
		4111D39A26DE43A800479764 /* Frameworks */ = {
			isa = PBXFrameworksBuildPhase;
			buildActionMask = 2147483647;
			files = (
				BE2A7A27BF80C6DFDA902E99 /* Pods_MarleySpoonChallengeIlke_MarleySpoonChallengeIlkeUITests.framework in Frameworks */,
			);
			runOnlyForDeploymentPostprocessing = 0;
		};
/* End PBXFrameworksBuildPhase section */

/* Begin PBXGroup section */
		4111D37326DE43A400479764 = {
			isa = PBXGroup;
			children = (
				4111D37E26DE43A400479764 /* MarleySpoonChallengeIlke */,
				4111D39526DE43A800479764 /* MarleySpoonChallengeIlkeTests */,
				4111D3A026DE43A800479764 /* MarleySpoonChallengeIlkeUITests */,
				4111D37D26DE43A400479764 /* Products */,
				FA4BE31B87350D318658499C /* Pods */,
				961289C4F01B7DFD12AF7EFF /* Frameworks */,
			);
			sourceTree = "<group>";
		};
		4111D37D26DE43A400479764 /* Products */ = {
			isa = PBXGroup;
			children = (
				4111D37C26DE43A400479764 /* MarleySpoonChallengeIlke.app */,
				4111D39226DE43A800479764 /* MarleySpoonChallengeIlkeTests.xctest */,
				4111D39D26DE43A800479764 /* MarleySpoonChallengeIlkeUITests.xctest */,
			);
			name = Products;
			sourceTree = "<group>";
		};
		4111D37E26DE43A400479764 /* MarleySpoonChallengeIlke */ = {
			isa = PBXGroup;
			children = (
				4162366E26E4BFFC0029D272 /* Application */,
				4162366A26E4BEFB0029D272 /* ListRecipesModule */,
				4162366B26E4BF090029D272 /* DetailRecipeModule */,
				4162366726E4BAF40029D272 /* Network API */,
				4162367426E4D2A80029D272 /* Entities */,
				416236A126E53F760029D272 /* Helpers */,
				4162367126E4C4B10029D272 /* Support Files */,
			);
			path = MarleySpoonChallengeIlke;
			sourceTree = "<group>";
		};
		4111D39526DE43A800479764 /* MarleySpoonChallengeIlkeTests */ = {
			isa = PBXGroup;
			children = (
				4111D39826DE43A800479764 /* Info.plist */,
				4162367226E4C7A30029D272 /* ListRecipesUseCaseTests.swift */,
			);
			path = MarleySpoonChallengeIlkeTests;
			sourceTree = "<group>";
		};
		4111D3A026DE43A800479764 /* MarleySpoonChallengeIlkeUITests */ = {
			isa = PBXGroup;
			children = (
				4111D3A126DE43A800479764 /* MarleySpoonChallengeIlkeUITests.swift */,
				4111D3A326DE43A800479764 /* Info.plist */,
			);
			path = MarleySpoonChallengeIlkeUITests;
			sourceTree = "<group>";
		};
		4162366726E4BAF40029D272 /* Network API */ = {
			isa = PBXGroup;
			children = (
				4162366826E4BB510029D272 /* ContentfulAPI.swift */,
				4162368726E4F3C80029D272 /* RecipeLoader.swift */,
				4162368926E4F3D80029D272 /* RemoteRecipeLoader.swift */,
			);
			path = "Network API";
			sourceTree = "<group>";
		};
		4162366A26E4BEFB0029D272 /* ListRecipesModule */ = {
			isa = PBXGroup;
			children = (
				4162366F26E4C06C0029D272 /* ListRecipes.swift */,
				4162368B26E50C870029D272 /* ListRecipesViewModel.swift */,
				4162368D26E50CBE0029D272 /* ListRecipeView.swift */,
				4162369226E50D1E0029D272 /* ListRecipesViewController.swift */,
				4162368F26E50CD30029D272 /* Cell */,
			);
			path = ListRecipesModule;
			sourceTree = "<group>";
		};
		4162366B26E4BF090029D272 /* DetailRecipeModule */ = {
			isa = PBXGroup;
			children = (
				4162369926E53CD60029D272 /* DetailRecipeViewModel.swift */,
				4162369B26E53D100029D272 /* DetailRecipeViewController.swift */,
				416236A626E5F69A0029D272 /* UI */,
				4162369826E53CB90029D272 /* Cell */,
			);
			path = DetailRecipeModule;
			sourceTree = "<group>";
		};
		4162366E26E4BFFC0029D272 /* Application */ = {
			isa = PBXGroup;
			children = (
				4111D37F26DE43A400479764 /* AppDelegate.swift */,
				4111D38126DE43A400479764 /* SceneDelegate.swift */,
			);
			path = Application;
			sourceTree = "<group>";
		};
		4162367126E4C4B10029D272 /* Support Files */ = {
			isa = PBXGroup;
			children = (
				4111D38826DE43A800479764 /* Assets.xcassets */,
				4111D38A26DE43A800479764 /* LaunchScreen.storyboard */,
				4111D38D26DE43A800479764 /* Info.plist */,
			);
			path = "Support Files";
			sourceTree = "<group>";
		};
		4162367426E4D2A80029D272 /* Entities */ = {
			isa = PBXGroup;
			children = (
				4162367526E4D2CA0029D272 /* Chef.swift */,
				4162367726E4D2D40029D272 /* Recipe.swift */,
				4162367926E4D2DE0029D272 /* Tag.swift */,
			);
			path = Entities;
			sourceTree = "<group>";
		};
		4162368F26E50CD30029D272 /* Cell */ = {
			isa = PBXGroup;
			children = (
				4162369026E50CE10029D272 /* RecipeCellModel.swift */,
				4162369626E513C30029D272 /* ListRecipeTableViewCell.swift */,
			);
			path = Cell;
			sourceTree = "<group>";
		};
		4162369826E53CB90029D272 /* Cell */ = {
			isa = PBXGroup;
			children = (
				4162369D26E53D540029D272 /* DetailCellViewModel.swift */,
				4162369F26E53D720029D272 /* DetailsCells.swift */,
			);
			path = Cell;
			sourceTree = "<group>";
		};
		416236A126E53F760029D272 /* Helpers */ = {
			isa = PBXGroup;
			children = (
				416236A226E53F940029D272 /* UIViewController+Extensions.swift */,
				416236A926E5F9630029D272 /* UIView+Extensions.swift */,
			);
			path = Helpers;
			sourceTree = "<group>";
		};
		416236A626E5F69A0029D272 /* UI */ = {
			isa = PBXGroup;
			children = (
				416236A726E5F7D30029D272 /* DetailRecipeView.xib */,
				416236A426E5534B0029D272 /* DetailRecipeView.swift */,
			);
			path = UI;
			sourceTree = "<group>";
		};
		961289C4F01B7DFD12AF7EFF /* Frameworks */ = {
			isa = PBXGroup;
			children = (
				8016FD72BE536CFBA1E217B1 /* Pods_MarleySpoonChallengeIlke.framework */,
				EFDB0D37D7F2A03CC92823BB /* Pods_MarleySpoonChallengeIlke_MarleySpoonChallengeIlkeUITests.framework */,
				84E3188BBF94815E856EFC1C /* Pods_MarleySpoonChallengeIlkeTests.framework */,
			);
			name = Frameworks;
			sourceTree = "<group>";
		};
		FA4BE31B87350D318658499C /* Pods */ = {
			isa = PBXGroup;
			children = (
				AC75AC9B9B5B106CD845E3FA /* Pods-MarleySpoonChallengeIlke.debug.xcconfig */,
				AD52C1EA8022567677CB9C2F /* Pods-MarleySpoonChallengeIlke.release.xcconfig */,
				65307852D607FE3D1516DAE1 /* Pods-MarleySpoonChallengeIlke-MarleySpoonChallengeIlkeUITests.debug.xcconfig */,
				ABFDA62EE1AC5210C2AD03C2 /* Pods-MarleySpoonChallengeIlke-MarleySpoonChallengeIlkeUITests.release.xcconfig */,
				41645899F030DA69EE6AC6ED /* Pods-MarleySpoonChallengeIlkeTests.debug.xcconfig */,
				BFA461074C57FF5D32026D40 /* Pods-MarleySpoonChallengeIlkeTests.release.xcconfig */,
			);
			path = Pods;
			sourceTree = "<group>";
		};
/* End PBXGroup section */

/* Begin PBXNativeTarget section */
		4111D37B26DE43A400479764 /* MarleySpoonChallengeIlke */ = {
			isa = PBXNativeTarget;
			buildConfigurationList = 4111D3A626DE43A800479764 /* Build configuration list for PBXNativeTarget "MarleySpoonChallengeIlke" */;
			buildPhases = (
				EA8088106BD06EAF631A5267 /* [CP] Check Pods Manifest.lock */,
				4111D37826DE43A400479764 /* Sources */,
				4111D37926DE43A400479764 /* Frameworks */,
				4111D37A26DE43A400479764 /* Resources */,
				38BCD0E14A206B78AD5B4F51 /* [CP] Embed Pods Frameworks */,
			);
			buildRules = (
			);
			dependencies = (
			);
			name = MarleySpoonChallengeIlke;
			productName = MarleySpoonChallengeIlke;
			productReference = 4111D37C26DE43A400479764 /* MarleySpoonChallengeIlke.app */;
			productType = "com.apple.product-type.application";
		};
		4111D39126DE43A800479764 /* MarleySpoonChallengeIlkeTests */ = {
			isa = PBXNativeTarget;
			buildConfigurationList = 4111D3A926DE43A800479764 /* Build configuration list for PBXNativeTarget "MarleySpoonChallengeIlkeTests" */;
			buildPhases = (
				62F592CE970B01B2AA21CCDD /* [CP] Check Pods Manifest.lock */,
				4111D38E26DE43A800479764 /* Sources */,
				4111D38F26DE43A800479764 /* Frameworks */,
				4111D39026DE43A800479764 /* Resources */,
			);
			buildRules = (
			);
			dependencies = (
				4111D39426DE43A800479764 /* PBXTargetDependency */,
			);
			name = MarleySpoonChallengeIlkeTests;
			productName = MarleySpoonChallengeIlkeTests;
			productReference = 4111D39226DE43A800479764 /* MarleySpoonChallengeIlkeTests.xctest */;
			productType = "com.apple.product-type.bundle.unit-test";
		};
		4111D39C26DE43A800479764 /* MarleySpoonChallengeIlkeUITests */ = {
			isa = PBXNativeTarget;
			buildConfigurationList = 4111D3AC26DE43A800479764 /* Build configuration list for PBXNativeTarget "MarleySpoonChallengeIlkeUITests" */;
			buildPhases = (
				3B5A7AA060610FE95F0067EA /* [CP] Check Pods Manifest.lock */,
				4111D39926DE43A800479764 /* Sources */,
				4111D39A26DE43A800479764 /* Frameworks */,
				4111D39B26DE43A800479764 /* Resources */,
				4D8F29552EA649E0A7C39DB8 /* [CP] Embed Pods Frameworks */,
			);
			buildRules = (
			);
			dependencies = (
				4111D39F26DE43A800479764 /* PBXTargetDependency */,
			);
			name = MarleySpoonChallengeIlkeUITests;
			productName = MarleySpoonChallengeIlkeUITests;
			productReference = 4111D39D26DE43A800479764 /* MarleySpoonChallengeIlkeUITests.xctest */;
			productType = "com.apple.product-type.bundle.ui-testing";
		};
/* End PBXNativeTarget section */

/* Begin PBXProject section */
		4111D37426DE43A400479764 /* Project object */ = {
			isa = PBXProject;
			attributes = {
				LastSwiftUpdateCheck = 1250;
				LastUpgradeCheck = 1250;
				TargetAttributes = {
					4111D37B26DE43A400479764 = {
						CreatedOnToolsVersion = 12.5.1;
					};
					4111D39126DE43A800479764 = {
						CreatedOnToolsVersion = 12.5.1;
						LastSwiftMigration = 1250;
						TestTargetID = 4111D37B26DE43A400479764;
					};
					4111D39C26DE43A800479764 = {
						CreatedOnToolsVersion = 12.5.1;
						TestTargetID = 4111D37B26DE43A400479764;
					};
				};
			};
			buildConfigurationList = 4111D37726DE43A400479764 /* Build configuration list for PBXProject "MarleySpoonChallengeIlke" */;
			compatibilityVersion = "Xcode 9.3";
			developmentRegion = en;
			hasScannedForEncodings = 0;
			knownRegions = (
				en,
				Base,
			);
			mainGroup = 4111D37326DE43A400479764;
			productRefGroup = 4111D37D26DE43A400479764 /* Products */;
			projectDirPath = "";
			projectRoot = "";
			targets = (
				4111D37B26DE43A400479764 /* MarleySpoonChallengeIlke */,
				4111D39126DE43A800479764 /* MarleySpoonChallengeIlkeTests */,
				4111D39C26DE43A800479764 /* MarleySpoonChallengeIlkeUITests */,
			);
		};
/* End PBXProject section */

/* Begin PBXResourcesBuildPhase section */
		4111D37A26DE43A400479764 /* Resources */ = {
			isa = PBXResourcesBuildPhase;
			buildActionMask = 2147483647;
			files = (
				416236A826E5F7D30029D272 /* DetailRecipeView.xib in Resources */,
				4111D38C26DE43A800479764 /* LaunchScreen.storyboard in Resources */,
				4111D38926DE43A800479764 /* Assets.xcassets in Resources */,
			);
			runOnlyForDeploymentPostprocessing = 0;
		};
		4111D39026DE43A800479764 /* Resources */ = {
			isa = PBXResourcesBuildPhase;
			buildActionMask = 2147483647;
			files = (
			);
			runOnlyForDeploymentPostprocessing = 0;
		};
		4111D39B26DE43A800479764 /* Resources */ = {
			isa = PBXResourcesBuildPhase;
			buildActionMask = 2147483647;
			files = (
			);
			runOnlyForDeploymentPostprocessing = 0;
		};
/* End PBXResourcesBuildPhase section */

/* Begin PBXShellScriptBuildPhase section */
		38BCD0E14A206B78AD5B4F51 /* [CP] Embed Pods Frameworks */ = {
			isa = PBXShellScriptBuildPhase;
			buildActionMask = 2147483647;
			files = (
			);
			inputFileListPaths = (
				"${PODS_ROOT}/Target Support Files/Pods-MarleySpoonChallengeIlke/Pods-MarleySpoonChallengeIlke-frameworks-${CONFIGURATION}-input-files.xcfilelist",
			);
			name = "[CP] Embed Pods Frameworks";
			outputFileListPaths = (
				"${PODS_ROOT}/Target Support Files/Pods-MarleySpoonChallengeIlke/Pods-MarleySpoonChallengeIlke-frameworks-${CONFIGURATION}-output-files.xcfilelist",
			);
			runOnlyForDeploymentPostprocessing = 0;
			shellPath = /bin/sh;
			shellScript = "\"${PODS_ROOT}/Target Support Files/Pods-MarleySpoonChallengeIlke/Pods-MarleySpoonChallengeIlke-frameworks.sh\"\n";
			showEnvVarsInLog = 0;
		};
		3B5A7AA060610FE95F0067EA /* [CP] Check Pods Manifest.lock */ = {
			isa = PBXShellScriptBuildPhase;
			buildActionMask = 2147483647;
			files = (
			);
			inputFileListPaths = (
			);
			inputPaths = (
				"${PODS_PODFILE_DIR_PATH}/Podfile.lock",
				"${PODS_ROOT}/Manifest.lock",
			);
			name = "[CP] Check Pods Manifest.lock";
			outputFileListPaths = (
			);
			outputPaths = (
				"$(DERIVED_FILE_DIR)/Pods-MarleySpoonChallengeIlke-MarleySpoonChallengeIlkeUITests-checkManifestLockResult.txt",
			);
			runOnlyForDeploymentPostprocessing = 0;
			shellPath = /bin/sh;
			shellScript = "diff \"${PODS_PODFILE_DIR_PATH}/Podfile.lock\" \"${PODS_ROOT}/Manifest.lock\" > /dev/null\nif [ $? != 0 ] ; then\n    # print error to STDERR\n    echo \"error: The sandbox is not in sync with the Podfile.lock. Run 'pod install' or update your CocoaPods installation.\" >&2\n    exit 1\nfi\n# This output is used by Xcode 'outputs' to avoid re-running this script phase.\necho \"SUCCESS\" > \"${SCRIPT_OUTPUT_FILE_0}\"\n";
			showEnvVarsInLog = 0;
		};
		4D8F29552EA649E0A7C39DB8 /* [CP] Embed Pods Frameworks */ = {
			isa = PBXShellScriptBuildPhase;
			buildActionMask = 2147483647;
			files = (
			);
			inputFileListPaths = (
				"${PODS_ROOT}/Target Support Files/Pods-MarleySpoonChallengeIlke-MarleySpoonChallengeIlkeUITests/Pods-MarleySpoonChallengeIlke-MarleySpoonChallengeIlkeUITests-frameworks-${CONFIGURATION}-input-files.xcfilelist",
			);
			name = "[CP] Embed Pods Frameworks";
			outputFileListPaths = (
				"${PODS_ROOT}/Target Support Files/Pods-MarleySpoonChallengeIlke-MarleySpoonChallengeIlkeUITests/Pods-MarleySpoonChallengeIlke-MarleySpoonChallengeIlkeUITests-frameworks-${CONFIGURATION}-output-files.xcfilelist",
			);
			runOnlyForDeploymentPostprocessing = 0;
			shellPath = /bin/sh;
			shellScript = "\"${PODS_ROOT}/Target Support Files/Pods-MarleySpoonChallengeIlke-MarleySpoonChallengeIlkeUITests/Pods-MarleySpoonChallengeIlke-MarleySpoonChallengeIlkeUITests-frameworks.sh\"\n";
			showEnvVarsInLog = 0;
		};
		62F592CE970B01B2AA21CCDD /* [CP] Check Pods Manifest.lock */ = {
			isa = PBXShellScriptBuildPhase;
			buildActionMask = 2147483647;
			files = (
			);
			inputFileListPaths = (
			);
			inputPaths = (
				"${PODS_PODFILE_DIR_PATH}/Podfile.lock",
				"${PODS_ROOT}/Manifest.lock",
			);
			name = "[CP] Check Pods Manifest.lock";
			outputFileListPaths = (
			);
			outputPaths = (
				"$(DERIVED_FILE_DIR)/Pods-MarleySpoonChallengeIlkeTests-checkManifestLockResult.txt",
			);
			runOnlyForDeploymentPostprocessing = 0;
			shellPath = /bin/sh;
			shellScript = "diff \"${PODS_PODFILE_DIR_PATH}/Podfile.lock\" \"${PODS_ROOT}/Manifest.lock\" > /dev/null\nif [ $? != 0 ] ; then\n    # print error to STDERR\n    echo \"error: The sandbox is not in sync with the Podfile.lock. Run 'pod install' or update your CocoaPods installation.\" >&2\n    exit 1\nfi\n# This output is used by Xcode 'outputs' to avoid re-running this script phase.\necho \"SUCCESS\" > \"${SCRIPT_OUTPUT_FILE_0}\"\n";
			showEnvVarsInLog = 0;
		};
		EA8088106BD06EAF631A5267 /* [CP] Check Pods Manifest.lock */ = {
			isa = PBXShellScriptBuildPhase;
			buildActionMask = 2147483647;
			files = (
			);
			inputFileListPaths = (
			);
			inputPaths = (
				"${PODS_PODFILE_DIR_PATH}/Podfile.lock",
				"${PODS_ROOT}/Manifest.lock",
			);
			name = "[CP] Check Pods Manifest.lock";
			outputFileListPaths = (
			);
			outputPaths = (
				"$(DERIVED_FILE_DIR)/Pods-MarleySpoonChallengeIlke-checkManifestLockResult.txt",
			);
			runOnlyForDeploymentPostprocessing = 0;
			shellPath = /bin/sh;
			shellScript = "diff \"${PODS_PODFILE_DIR_PATH}/Podfile.lock\" \"${PODS_ROOT}/Manifest.lock\" > /dev/null\nif [ $? != 0 ] ; then\n    # print error to STDERR\n    echo \"error: The sandbox is not in sync with the Podfile.lock. Run 'pod install' or update your CocoaPods installation.\" >&2\n    exit 1\nfi\n# This output is used by Xcode 'outputs' to avoid re-running this script phase.\necho \"SUCCESS\" > \"${SCRIPT_OUTPUT_FILE_0}\"\n";
			showEnvVarsInLog = 0;
		};
/* End PBXShellScriptBuildPhase section */

/* Begin PBXSourcesBuildPhase section */
		4111D37826DE43A400479764 /* Sources */ = {
			isa = PBXSourcesBuildPhase;
			buildActionMask = 2147483647;
			files = (
				416236AA26E5F9630029D272 /* UIView+Extensions.swift in Sources */,
				4162369326E50D1E0029D272 /* ListRecipesViewController.swift in Sources */,
				4162366926E4BB510029D272 /* ContentfulAPI.swift in Sources */,
				4162367026E4C06C0029D272 /* ListRecipes.swift in Sources */,
				416236A526E5534B0029D272 /* DetailRecipeView.swift in Sources */,
				4162368826E4F3C80029D272 /* RecipeLoader.swift in Sources */,
				4111D38026DE43A400479764 /* AppDelegate.swift in Sources */,
				4162369726E513C30029D272 /* ListRecipeTableViewCell.swift in Sources */,
				4162367A26E4D2DE0029D272 /* Tag.swift in Sources */,
				4162367826E4D2D40029D272 /* Recipe.swift in Sources */,
				4162367626E4D2CA0029D272 /* Chef.swift in Sources */,
				4162368A26E4F3D80029D272 /* RemoteRecipeLoader.swift in Sources */,
				416236A026E53D720029D272 /* DetailsCells.swift in Sources */,
				4162369C26E53D100029D272 /* DetailRecipeViewController.swift in Sources */,
				416236A326E53F940029D272 /* UIViewController+Extensions.swift in Sources */,
				4162368C26E50C870029D272 /* ListRecipesViewModel.swift in Sources */,
				4162369A26E53CD60029D272 /* DetailRecipeViewModel.swift in Sources */,
				4162369E26E53D540029D272 /* DetailCellViewModel.swift in Sources */,
				4162369126E50CE10029D272 /* RecipeCellModel.swift in Sources */,
				4111D38226DE43A400479764 /* SceneDelegate.swift in Sources */,
				4162368E26E50CBE0029D272 /* ListRecipeView.swift in Sources */,
			);
			runOnlyForDeploymentPostprocessing = 0;
		};
		4111D38E26DE43A800479764 /* Sources */ = {
			isa = PBXSourcesBuildPhase;
			buildActionMask = 2147483647;
			files = (
				4162367326E4C7A30029D272 /* ListRecipesUseCaseTests.swift in Sources */,
			);
			runOnlyForDeploymentPostprocessing = 0;
		};
		4111D39926DE43A800479764 /* Sources */ = {
			isa = PBXSourcesBuildPhase;
			buildActionMask = 2147483647;
			files = (
				4111D3A226DE43A800479764 /* MarleySpoonChallengeIlkeUITests.swift in Sources */,
			);
			runOnlyForDeploymentPostprocessing = 0;
		};
/* End PBXSourcesBuildPhase section */

/* Begin PBXTargetDependency section */
		4111D39426DE43A800479764 /* PBXTargetDependency */ = {
			isa = PBXTargetDependency;
			target = 4111D37B26DE43A400479764 /* MarleySpoonChallengeIlke */;
			targetProxy = 4111D39326DE43A800479764 /* PBXContainerItemProxy */;
		};
		4111D39F26DE43A800479764 /* PBXTargetDependency */ = {
			isa = PBXTargetDependency;
			target = 4111D37B26DE43A400479764 /* MarleySpoonChallengeIlke */;
			targetProxy = 4111D39E26DE43A800479764 /* PBXContainerItemProxy */;
		};
/* End PBXTargetDependency section */

/* Begin PBXVariantGroup section */
		4111D38A26DE43A800479764 /* LaunchScreen.storyboard */ = {
			isa = PBXVariantGroup;
			children = (
				4111D38B26DE43A800479764 /* Base */,
			);
			name = LaunchScreen.storyboard;
			sourceTree = "<group>";
		};
/* End PBXVariantGroup section */

/* Begin XCBuildConfiguration section */
		4111D3A426DE43A800479764 /* Debug */ = {
			isa = XCBuildConfiguration;
			buildSettings = {
				ALWAYS_SEARCH_USER_PATHS = NO;
				CLANG_ANALYZER_NONNULL = YES;
				CLANG_ANALYZER_NUMBER_OBJECT_CONVERSION = YES_AGGRESSIVE;
				CLANG_CXX_LANGUAGE_STANDARD = "gnu++14";
				CLANG_CXX_LIBRARY = "libc++";
				CLANG_ENABLE_MODULES = YES;
				CLANG_ENABLE_OBJC_ARC = YES;
				CLANG_ENABLE_OBJC_WEAK = YES;
				CLANG_WARN_BLOCK_CAPTURE_AUTORELEASING = YES;
				CLANG_WARN_BOOL_CONVERSION = YES;
				CLANG_WARN_COMMA = YES;
				CLANG_WARN_CONSTANT_CONVERSION = YES;
				CLANG_WARN_DEPRECATED_OBJC_IMPLEMENTATIONS = YES;
				CLANG_WARN_DIRECT_OBJC_ISA_USAGE = YES_ERROR;
				CLANG_WARN_DOCUMENTATION_COMMENTS = YES;
				CLANG_WARN_EMPTY_BODY = YES;
				CLANG_WARN_ENUM_CONVERSION = YES;
				CLANG_WARN_INFINITE_RECURSION = YES;
				CLANG_WARN_INT_CONVERSION = YES;
				CLANG_WARN_NON_LITERAL_NULL_CONVERSION = YES;
				CLANG_WARN_OBJC_IMPLICIT_RETAIN_SELF = YES;
				CLANG_WARN_OBJC_LITERAL_CONVERSION = YES;
				CLANG_WARN_OBJC_ROOT_CLASS = YES_ERROR;
				CLANG_WARN_QUOTED_INCLUDE_IN_FRAMEWORK_HEADER = YES;
				CLANG_WARN_RANGE_LOOP_ANALYSIS = YES;
				CLANG_WARN_STRICT_PROTOTYPES = YES;
				CLANG_WARN_SUSPICIOUS_MOVE = YES;
				CLANG_WARN_UNGUARDED_AVAILABILITY = YES_AGGRESSIVE;
				CLANG_WARN_UNREACHABLE_CODE = YES;
				CLANG_WARN__DUPLICATE_METHOD_MATCH = YES;
				COPY_PHASE_STRIP = NO;
				DEBUG_INFORMATION_FORMAT = dwarf;
				ENABLE_STRICT_OBJC_MSGSEND = YES;
				ENABLE_TESTABILITY = YES;
				GCC_C_LANGUAGE_STANDARD = gnu11;
				GCC_DYNAMIC_NO_PIC = NO;
				GCC_NO_COMMON_BLOCKS = YES;
				GCC_OPTIMIZATION_LEVEL = 0;
				GCC_PREPROCESSOR_DEFINITIONS = (
					"DEBUG=1",
					"$(inherited)",
				);
				GCC_WARN_64_TO_32_BIT_CONVERSION = YES;
				GCC_WARN_ABOUT_RETURN_TYPE = YES_ERROR;
				GCC_WARN_UNDECLARED_SELECTOR = YES;
				GCC_WARN_UNINITIALIZED_AUTOS = YES_AGGRESSIVE;
				GCC_WARN_UNUSED_FUNCTION = YES;
				GCC_WARN_UNUSED_VARIABLE = YES;
				IPHONEOS_DEPLOYMENT_TARGET = 13.0;
				MTL_ENABLE_DEBUG_INFO = INCLUDE_SOURCE;
				MTL_FAST_MATH = YES;
				ONLY_ACTIVE_ARCH = YES;
				SDKROOT = iphoneos;
				SWIFT_ACTIVE_COMPILATION_CONDITIONS = DEBUG;
				SWIFT_OPTIMIZATION_LEVEL = "-Onone";
			};
			name = Debug;
		};
		4111D3A526DE43A800479764 /* Release */ = {
			isa = XCBuildConfiguration;
			buildSettings = {
				ALWAYS_SEARCH_USER_PATHS = NO;
				CLANG_ANALYZER_NONNULL = YES;
				CLANG_ANALYZER_NUMBER_OBJECT_CONVERSION = YES_AGGRESSIVE;
				CLANG_CXX_LANGUAGE_STANDARD = "gnu++14";
				CLANG_CXX_LIBRARY = "libc++";
				CLANG_ENABLE_MODULES = YES;
				CLANG_ENABLE_OBJC_ARC = YES;
				CLANG_ENABLE_OBJC_WEAK = YES;
				CLANG_WARN_BLOCK_CAPTURE_AUTORELEASING = YES;
				CLANG_WARN_BOOL_CONVERSION = YES;
				CLANG_WARN_COMMA = YES;
				CLANG_WARN_CONSTANT_CONVERSION = YES;
				CLANG_WARN_DEPRECATED_OBJC_IMPLEMENTATIONS = YES;
				CLANG_WARN_DIRECT_OBJC_ISA_USAGE = YES_ERROR;
				CLANG_WARN_DOCUMENTATION_COMMENTS = YES;
				CLANG_WARN_EMPTY_BODY = YES;
				CLANG_WARN_ENUM_CONVERSION = YES;
				CLANG_WARN_INFINITE_RECURSION = YES;
				CLANG_WARN_INT_CONVERSION = YES;
				CLANG_WARN_NON_LITERAL_NULL_CONVERSION = YES;
				CLANG_WARN_OBJC_IMPLICIT_RETAIN_SELF = YES;
				CLANG_WARN_OBJC_LITERAL_CONVERSION = YES;
				CLANG_WARN_OBJC_ROOT_CLASS = YES_ERROR;
				CLANG_WARN_QUOTED_INCLUDE_IN_FRAMEWORK_HEADER = YES;
				CLANG_WARN_RANGE_LOOP_ANALYSIS = YES;
				CLANG_WARN_STRICT_PROTOTYPES = YES;
				CLANG_WARN_SUSPICIOUS_MOVE = YES;
				CLANG_WARN_UNGUARDED_AVAILABILITY = YES_AGGRESSIVE;
				CLANG_WARN_UNREACHABLE_CODE = YES;
				CLANG_WARN__DUPLICATE_METHOD_MATCH = YES;
				COPY_PHASE_STRIP = NO;
				DEBUG_INFORMATION_FORMAT = "dwarf-with-dsym";
				ENABLE_NS_ASSERTIONS = NO;
				ENABLE_STRICT_OBJC_MSGSEND = YES;
				GCC_C_LANGUAGE_STANDARD = gnu11;
				GCC_NO_COMMON_BLOCKS = YES;
				GCC_WARN_64_TO_32_BIT_CONVERSION = YES;
				GCC_WARN_ABOUT_RETURN_TYPE = YES_ERROR;
				GCC_WARN_UNDECLARED_SELECTOR = YES;
				GCC_WARN_UNINITIALIZED_AUTOS = YES_AGGRESSIVE;
				GCC_WARN_UNUSED_FUNCTION = YES;
				GCC_WARN_UNUSED_VARIABLE = YES;
				IPHONEOS_DEPLOYMENT_TARGET = 13.0;
				MTL_ENABLE_DEBUG_INFO = NO;
				MTL_FAST_MATH = YES;
				SDKROOT = iphoneos;
				SWIFT_COMPILATION_MODE = wholemodule;
				SWIFT_OPTIMIZATION_LEVEL = "-O";
				VALIDATE_PRODUCT = YES;
			};
			name = Release;
		};
		4111D3A726DE43A800479764 /* Debug */ = {
			isa = XCBuildConfiguration;
			baseConfigurationReference = AC75AC9B9B5B106CD845E3FA /* Pods-MarleySpoonChallengeIlke.debug.xcconfig */;
			buildSettings = {
				ASSETCATALOG_COMPILER_APPICON_NAME = AppIcon;
				ASSETCATALOG_COMPILER_GLOBAL_ACCENT_COLOR_NAME = AccentColor;
				CODE_SIGN_STYLE = Automatic;
				DEVELOPMENT_TEAM = 3439S6K9QQ;
				INFOPLIST_FILE = "MarleySpoonChallengeIlke/Support Files/Info.plist";
				IPHONEOS_DEPLOYMENT_TARGET = 13.0;
				LD_RUNPATH_SEARCH_PATHS = (
					"$(inherited)",
					"@executable_path/Frameworks",
				);
				PRODUCT_BUNDLE_IDENTIFIER = ilkeyucel.MarleySpoonChallengeIlke;
				PRODUCT_NAME = "$(TARGET_NAME)";
				SWIFT_VERSION = 5.0;
				TARGETED_DEVICE_FAMILY = "1,2";
			};
			name = Debug;
		};
		4111D3A826DE43A800479764 /* Release */ = {
			isa = XCBuildConfiguration;
			baseConfigurationReference = AD52C1EA8022567677CB9C2F /* Pods-MarleySpoonChallengeIlke.release.xcconfig */;
			buildSettings = {
				ASSETCATALOG_COMPILER_APPICON_NAME = AppIcon;
				ASSETCATALOG_COMPILER_GLOBAL_ACCENT_COLOR_NAME = AccentColor;
				CODE_SIGN_STYLE = Automatic;
				DEVELOPMENT_TEAM = 3439S6K9QQ;
				INFOPLIST_FILE = "MarleySpoonChallengeIlke/Support Files/Info.plist";
				IPHONEOS_DEPLOYMENT_TARGET = 13.0;
				LD_RUNPATH_SEARCH_PATHS = (
					"$(inherited)",
					"@executable_path/Frameworks",
				);
				PRODUCT_BUNDLE_IDENTIFIER = ilkeyucel.MarleySpoonChallengeIlke;
				PRODUCT_NAME = "$(TARGET_NAME)";
				SWIFT_VERSION = 5.0;
				TARGETED_DEVICE_FAMILY = "1,2";
			};
			name = Release;
		};
		4111D3AA26DE43A800479764 /* Debug */ = {
			isa = XCBuildConfiguration;
			baseConfigurationReference = 41645899F030DA69EE6AC6ED /* Pods-MarleySpoonChallengeIlkeTests.debug.xcconfig */;
			buildSettings = {
				ALWAYS_EMBED_SWIFT_STANDARD_LIBRARIES = YES;
				BUNDLE_LOADER = "$(TEST_HOST)";
				CLANG_ENABLE_MODULES = YES;
				CODE_SIGN_STYLE = Automatic;
				DEVELOPMENT_TEAM = 3439S6K9QQ;
				INFOPLIST_FILE = MarleySpoonChallengeIlkeTests/Info.plist;
				IPHONEOS_DEPLOYMENT_TARGET = 14.5;
				LD_RUNPATH_SEARCH_PATHS = (
					"$(inherited)",
					"@executable_path/Frameworks",
					"@loader_path/Frameworks",
				);
				PRODUCT_BUNDLE_IDENTIFIER = ilkeyucel.MarleySpoonChallengeIlkeTests;
				PRODUCT_NAME = "$(TARGET_NAME)";
				SWIFT_OPTIMIZATION_LEVEL = "-Onone";
				SWIFT_VERSION = 5.0;
				TARGETED_DEVICE_FAMILY = "1,2";
				TEST_HOST = "$(BUILT_PRODUCTS_DIR)/MarleySpoonChallengeIlke.app/MarleySpoonChallengeIlke";
			};
			name = Debug;
		};
		4111D3AB26DE43A800479764 /* Release */ = {
			isa = XCBuildConfiguration;
			baseConfigurationReference = BFA461074C57FF5D32026D40 /* Pods-MarleySpoonChallengeIlkeTests.release.xcconfig */;
			buildSettings = {
				ALWAYS_EMBED_SWIFT_STANDARD_LIBRARIES = YES;
				BUNDLE_LOADER = "$(TEST_HOST)";
				CLANG_ENABLE_MODULES = YES;
				CODE_SIGN_STYLE = Automatic;
				DEVELOPMENT_TEAM = 3439S6K9QQ;
				INFOPLIST_FILE = MarleySpoonChallengeIlkeTests/Info.plist;
				IPHONEOS_DEPLOYMENT_TARGET = 14.5;
				LD_RUNPATH_SEARCH_PATHS = (
					"$(inherited)",
					"@executable_path/Frameworks",
					"@loader_path/Frameworks",
				);
				PRODUCT_BUNDLE_IDENTIFIER = ilkeyucel.MarleySpoonChallengeIlkeTests;
				PRODUCT_NAME = "$(TARGET_NAME)";
				SWIFT_VERSION = 5.0;
				TARGETED_DEVICE_FAMILY = "1,2";
				TEST_HOST = "$(BUILT_PRODUCTS_DIR)/MarleySpoonChallengeIlke.app/MarleySpoonChallengeIlke";
			};
			name = Release;
		};
		4111D3AD26DE43A800479764 /* Debug */ = {
			isa = XCBuildConfiguration;
			baseConfigurationReference = 65307852D607FE3D1516DAE1 /* Pods-MarleySpoonChallengeIlke-MarleySpoonChallengeIlkeUITests.debug.xcconfig */;
			buildSettings = {
				ALWAYS_EMBED_SWIFT_STANDARD_LIBRARIES = YES;
				CODE_SIGN_STYLE = Automatic;
				DEVELOPMENT_TEAM = 3439S6K9QQ;
				INFOPLIST_FILE = MarleySpoonChallengeIlkeUITests/Info.plist;
				LD_RUNPATH_SEARCH_PATHS = (
					"$(inherited)",
					"@executable_path/Frameworks",
					"@loader_path/Frameworks",
				);
				PRODUCT_BUNDLE_IDENTIFIER = ilkeyucel.MarleySpoonChallengeIlkeUITests;
				PRODUCT_NAME = "$(TARGET_NAME)";
				SWIFT_VERSION = 5.0;
				TARGETED_DEVICE_FAMILY = "1,2";
				TEST_TARGET_NAME = MarleySpoonChallengeIlke;
			};
			name = Debug;
		};
		4111D3AE26DE43A800479764 /* Release */ = {
			isa = XCBuildConfiguration;
			baseConfigurationReference = ABFDA62EE1AC5210C2AD03C2 /* Pods-MarleySpoonChallengeIlke-MarleySpoonChallengeIlkeUITests.release.xcconfig */;
			buildSettings = {
				ALWAYS_EMBED_SWIFT_STANDARD_LIBRARIES = YES;
				CODE_SIGN_STYLE = Automatic;
				DEVELOPMENT_TEAM = 3439S6K9QQ;
				INFOPLIST_FILE = MarleySpoonChallengeIlkeUITests/Info.plist;
				LD_RUNPATH_SEARCH_PATHS = (
					"$(inherited)",
					"@executable_path/Frameworks",
					"@loader_path/Frameworks",
				);
				PRODUCT_BUNDLE_IDENTIFIER = ilkeyucel.MarleySpoonChallengeIlkeUITests;
				PRODUCT_NAME = "$(TARGET_NAME)";
				SWIFT_VERSION = 5.0;
				TARGETED_DEVICE_FAMILY = "1,2";
				TEST_TARGET_NAME = MarleySpoonChallengeIlke;
			};
			name = Release;
		};
/* End XCBuildConfiguration section */

/* Begin XCConfigurationList section */
		4111D37726DE43A400479764 /* Build configuration list for PBXProject "MarleySpoonChallengeIlke" */ = {
			isa = XCConfigurationList;
			buildConfigurations = (
				4111D3A426DE43A800479764 /* Debug */,
				4111D3A526DE43A800479764 /* Release */,
			);
			defaultConfigurationIsVisible = 0;
			defaultConfigurationName = Release;
		};
		4111D3A626DE43A800479764 /* Build configuration list for PBXNativeTarget "MarleySpoonChallengeIlke" */ = {
			isa = XCConfigurationList;
			buildConfigurations = (
				4111D3A726DE43A800479764 /* Debug */,
				4111D3A826DE43A800479764 /* Release */,
			);
			defaultConfigurationIsVisible = 0;
			defaultConfigurationName = Release;
		};
		4111D3A926DE43A800479764 /* Build configuration list for PBXNativeTarget "MarleySpoonChallengeIlkeTests" */ = {
			isa = XCConfigurationList;
			buildConfigurations = (
				4111D3AA26DE43A800479764 /* Debug */,
				4111D3AB26DE43A800479764 /* Release */,
			);
			defaultConfigurationIsVisible = 0;
			defaultConfigurationName = Release;
		};
		4111D3AC26DE43A800479764 /* Build configuration list for PBXNativeTarget "MarleySpoonChallengeIlkeUITests" */ = {
			isa = XCConfigurationList;
			buildConfigurations = (
				4111D3AD26DE43A800479764 /* Debug */,
				4111D3AE26DE43A800479764 /* Release */,
			);
			defaultConfigurationIsVisible = 0;
			defaultConfigurationName = Release;
		};
/* End XCConfigurationList section */
	};
	rootObject = 4111D37426DE43A400479764 /* Project object */;
}
