PODS:
  - Contentful (5.0.12):
    - Contentful/ImageOptions (= 5.0.12)
  - Contentful/ImageOptions (5.0.12)

DEPENDENCIES:
  - Contentful (~> 5.0.0)

SPEC REPOS:
  trunk:
    - Contentful

SPEC CHECKSUMS:
  Contentful: 1e28e00593f638485218bab9287eb6d73732bfc7

PODFILE CHECKSUM: a006ab48a7b55746c457e3f86b9c428a4e983cba

COCOAPODS: 1.10.1
